// !$*UTF8*$!
{
	archiveVersion = 1;
	classes = {
	};
	objectVersion = 50;
	objects = {

/* Begin PBXBuildFile section */
		D52622D722D0A09200550A82 /* AppDelegate.swift in Sources */ = {isa = PBXBuildFile; fileRef = D52622D622D0A09200550A82 /* AppDelegate.swift */; };
		D52622D922D0A09200550A82 /* ViewController.swift in Sources */ = {isa = PBXBuildFile; fileRef = D52622D822D0A09200550A82 /* ViewController.swift */; };
		D52622DC22D0A09200550A82 /* Main.storyboard in Resources */ = {isa = PBXBuildFile; fileRef = D52622DA22D0A09200550A82 /* Main.storyboard */; };
		D52622DE22D0A09300550A82 /* Assets.xcassets in Resources */ = {isa = PBXBuildFile; fileRef = D52622DD22D0A09300550A82 /* Assets.xcassets */; };
		D52622E122D0A09300550A82 /* LaunchScreen.storyboard in Resources */ = {isa = PBXBuildFile; fileRef = D52622DF22D0A09300550A82 /* LaunchScreen.storyboard */; };
		D52622ED22D0A0E500550A82 /* CubicTimingParametersCreator.swift in Sources */ = {isa = PBXBuildFile; fileRef = D52622E822D0A0E500550A82 /* CubicTimingParametersCreator.swift */; };
		D52622EE22D0A0E500550A82 /* SettingsViewController.storyboard in Resources */ = {isa = PBXBuildFile; fileRef = D52622E922D0A0E500550A82 /* SettingsViewController.storyboard */; };
		D52622EF22D0A0E500550A82 /* SettingsViewController.swift in Sources */ = {isa = PBXBuildFile; fileRef = D52622EA22D0A0E500550A82 /* SettingsViewController.swift */; };
		D52622F022D0A0E500550A82 /* DrawerMenuPresentationController.swift in Sources */ = {isa = PBXBuildFile; fileRef = D52622EB22D0A0E500550A82 /* DrawerMenuPresentationController.swift */; };
		D52622F122D0A0E500550A82 /* DrawerMenuTransition.swift in Sources */ = {isa = PBXBuildFile; fileRef = D52622EC22D0A0E500550A82 /* DrawerMenuTransition.swift */; };
		D52622F322D0A15900550A82 /* SettingsNavigationController.swift in Sources */ = {isa = PBXBuildFile; fileRef = D52622F222D0A15900550A82 /* SettingsNavigationController.swift */; };
/* End PBXBuildFile section */

/* Begin PBXFileReference section */
		D52622D322D0A09200550A82 /* DrawerMenuPresentationControllerSample.app */ = {isa = PBXFileReference; explicitFileType = wrapper.application; includeInIndex = 0; path = DrawerMenuPresentationControllerSample.app; sourceTree = BUILT_PRODUCTS_DIR; };
		D52622D622D0A09200550A82 /* AppDelegate.swift */ = {isa = PBXFileReference; lastKnownFileType = sourcecode.swift; path = AppDelegate.swift; sourceTree = "<group>"; };
		D52622D822D0A09200550A82 /* ViewController.swift */ = {isa = PBXFileReference; lastKnownFileType = sourcecode.swift; path = ViewController.swift; sourceTree = "<group>"; };
		D52622DB22D0A09200550A82 /* Base */ = {isa = PBXFileReference; lastKnownFileType = file.storyboard; name = Base; path = Base.lproj/Main.storyboard; sourceTree = "<group>"; };
		D52622DD22D0A09300550A82 /* Assets.xcassets */ = {isa = PBXFileReference; lastKnownFileType = folder.assetcatalog; path = Assets.xcassets; sourceTree = "<group>"; };
		D52622E022D0A09300550A82 /* Base */ = {isa = PBXFileReference; lastKnownFileType = file.storyboard; name = Base; path = Base.lproj/LaunchScreen.storyboard; sourceTree = "<group>"; };
		D52622E222D0A09300550A82 /* Info.plist */ = {isa = PBXFileReference; lastKnownFileType = text.plist.xml; path = Info.plist; sourceTree = "<group>"; };
		D52622E822D0A0E500550A82 /* CubicTimingParametersCreator.swift */ = {isa = PBXFileReference; fileEncoding = 4; lastKnownFileType = sourcecode.swift; path = CubicTimingParametersCreator.swift; sourceTree = "<group>"; };
		D52622E922D0A0E500550A82 /* SettingsViewController.storyboard */ = {isa = PBXFileReference; fileEncoding = 4; lastKnownFileType = file.storyboard; path = SettingsViewController.storyboard; sourceTree = "<group>"; };
		D52622EA22D0A0E500550A82 /* SettingsViewController.swift */ = {isa = PBXFileReference; fileEncoding = 4; lastKnownFileType = sourcecode.swift; path = SettingsViewController.swift; sourceTree = "<group>"; };
		D52622EB22D0A0E500550A82 /* DrawerMenuPresentationController.swift */ = {isa = PBXFileReference; fileEncoding = 4; lastKnownFileType = sourcecode.swift; path = DrawerMenuPresentationController.swift; sourceTree = "<group>"; };
		D52622EC22D0A0E500550A82 /* DrawerMenuTransition.swift */ = {isa = PBXFileReference; fileEncoding = 4; lastKnownFileType = sourcecode.swift; path = DrawerMenuTransition.swift; sourceTree = "<group>"; };
		D52622F222D0A15900550A82 /* SettingsNavigationController.swift */ = {isa = PBXFileReference; lastKnownFileType = sourcecode.swift; path = SettingsNavigationController.swift; sourceTree = "<group>"; };
/* End PBXFileReference section */

/* Begin PBXFrameworksBuildPhase section */
		D52622D022D0A09200550A82 /* Frameworks */ = {
			isa = PBXFrameworksBuildPhase;
			buildActionMask = 2147483647;
			files = (
			);
			runOnlyForDeploymentPostprocessing = 0;
		};
/* End PBXFrameworksBuildPhase section */

/* Begin PBXGroup section */
		D52622CA22D0A09200550A82 = {
			isa = PBXGroup;
			children = (
				D52622D522D0A09200550A82 /* DrawerMenuPresentationControllerSample */,
				D52622D422D0A09200550A82 /* Products */,
			);
			sourceTree = "<group>";
		};
		D52622D422D0A09200550A82 /* Products */ = {
			isa = PBXGroup;
			children = (
				D52622D322D0A09200550A82 /* DrawerMenuPresentationControllerSample.app */,
			);
			name = Products;
			sourceTree = "<group>";
		};
		D52622D522D0A09200550A82 /* DrawerMenuPresentationControllerSample */ = {
			isa = PBXGroup;
			children = (
				D52622E822D0A0E500550A82 /* CubicTimingParametersCreator.swift */,
				D52622EB22D0A0E500550A82 /* DrawerMenuPresentationController.swift */,
				D52622EC22D0A0E500550A82 /* DrawerMenuTransition.swift */,
				D52622F222D0A15900550A82 /* SettingsNavigationController.swift */,
				D52622E922D0A0E500550A82 /* SettingsViewController.storyboard */,
				D52622EA22D0A0E500550A82 /* SettingsViewController.swift */,
				D52622D622D0A09200550A82 /* AppDelegate.swift */,
				D52622DA22D0A09200550A82 /* Main.storyboard */,
				D52622D822D0A09200550A82 /* ViewController.swift */,
				D52622DD22D0A09300550A82 /* Assets.xcassets */,
				D52622DF22D0A09300550A82 /* LaunchScreen.storyboard */,
				D52622E222D0A09300550A82 /* Info.plist */,
			);
			path = DrawerMenuPresentationControllerSample;
			sourceTree = "<group>";
		};
/* End PBXGroup section */

/* Begin PBXNativeTarget section */
		D52622D222D0A09200550A82 /* DrawerMenuPresentationControllerSample */ = {
			isa = PBXNativeTarget;
			buildConfigurationList = D52622E522D0A09300550A82 /* Build configuration list for PBXNativeTarget "DrawerMenuPresentationControllerSample" */;
			buildPhases = (
				D52622CF22D0A09200550A82 /* Sources */,
				D52622D022D0A09200550A82 /* Frameworks */,
				D52622D122D0A09200550A82 /* Resources */,
			);
			buildRules = (
			);
			dependencies = (
			);
			name = DrawerMenuPresentationControllerSample;
			productName = DrawerMenuPresentationControllerSample;
			productReference = D52622D322D0A09200550A82 /* DrawerMenuPresentationControllerSample.app */;
			productType = "com.apple.product-type.application";
		};
/* End PBXNativeTarget section */

/* Begin PBXProject section */
		D52622CB22D0A09200550A82 /* Project object */ = {
			isa = PBXProject;
			attributes = {
				LastSwiftUpdateCheck = 1020;
				LastUpgradeCheck = 1020;
				ORGANIZATIONNAME = Classmethod;
				TargetAttributes = {
					D52622D222D0A09200550A82 = {
						CreatedOnToolsVersion = 10.2.1;
					};
				};
			};
			buildConfigurationList = D52622CE22D0A09200550A82 /* Build configuration list for PBXProject "DrawerMenuPresentationControllerSample" */;
			compatibilityVersion = "Xcode 9.3";
			developmentRegion = en;
			hasScannedForEncodings = 0;
			knownRegions = (
				en,
				Base,
			);
			mainGroup = D52622CA22D0A09200550A82;
			productRefGroup = D52622D422D0A09200550A82 /* Products */;
			projectDirPath = "";
			projectRoot = "";
			targets = (
				D52622D222D0A09200550A82 /* DrawerMenuPresentationControllerSample */,
			);
		};
/* End PBXProject section */

/* Begin PBXResourcesBuildPhase section */
		D52622D122D0A09200550A82 /* Resources */ = {
			isa = PBXResourcesBuildPhase;
			buildActionMask = 2147483647;
			files = (
				D52622EE22D0A0E500550A82 /* SettingsViewController.storyboard in Resources */,
				D52622E122D0A09300550A82 /* LaunchScreen.storyboard in Resources */,
				D52622DE22D0A09300550A82 /* Assets.xcassets in Resources */,
				D52622DC22D0A09200550A82 /* Main.storyboard in Resources */,
			);
			runOnlyForDeploymentPostprocessing = 0;
		};
/* End PBXResourcesBuildPhase section */

/* Begin PBXSourcesBuildPhase section */
		D52622CF22D0A09200550A82 /* Sources */ = {
			isa = PBXSourcesBuildPhase;
			buildActionMask = 2147483647;
			files = (
				D52622D922D0A09200550A82 /* ViewController.swift in Sources */,
				D52622D722D0A09200550A82 /* AppDelegate.swift in Sources */,
				D52622F022D0A0E500550A82 /* DrawerMenuPresentationController.swift in Sources */,
				D52622F322D0A15900550A82 /* SettingsNavigationController.swift in Sources */,
				D52622ED22D0A0E500550A82 /* CubicTimingParametersCreator.swift in Sources */,
				D52622F122D0A0E500550A82 /* DrawerMenuTransition.swift in Sources */,
				D52622EF22D0A0E500550A82 /* SettingsViewController.swift in Sources */,
			);
			runOnlyForDeploymentPostprocessing = 0;
		};
/* End PBXSourcesBuildPhase section */

/* Begin PBXVariantGroup section */
		D52622DA22D0A09200550A82 /* Main.storyboard */ = {
			isa = PBXVariantGroup;
			children = (
				D52622DB22D0A09200550A82 /* Base */,
			);
			name = Main.storyboard;
			sourceTree = "<group>";
		};
		D52622DF22D0A09300550A82 /* LaunchScreen.storyboard */ = {
			isa = PBXVariantGroup;
			children = (
				D52622E022D0A09300550A82 /* Base */,
			);
			name = LaunchScreen.storyboard;
			sourceTree = "<group>";
		};
/* End PBXVariantGroup section */

/* Begin XCBuildConfiguration section */
		D52622E322D0A09300550A82 /* Debug */ = {
			isa = XCBuildConfiguration;
			buildSettings = {
				ALWAYS_SEARCH_USER_PATHS = NO;
				CLANG_ANALYZER_NONNULL = YES;
				CLANG_ANALYZER_NUMBER_OBJECT_CONVERSION = YES_AGGRESSIVE;
				CLANG_CXX_LANGUAGE_STANDARD = "gnu++14";
				CLANG_CXX_LIBRARY = "libc++";
				CLANG_ENABLE_MODULES = YES;
				CLANG_ENABLE_OBJC_ARC = YES;
				CLANG_ENABLE_OBJC_WEAK = YES;
				CLANG_WARN_BLOCK_CAPTURE_AUTORELEASING = YES;
				CLANG_WARN_BOOL_CONVERSION = YES;
				CLANG_WARN_COMMA = YES;
				CLANG_WARN_CONSTANT_CONVERSION = YES;
				CLANG_WARN_DEPRECATED_OBJC_IMPLEMENTATIONS = YES;
				CLANG_WARN_DIRECT_OBJC_ISA_USAGE = YES_ERROR;
				CLANG_WARN_DOCUMENTATION_COMMENTS = YES;
				CLANG_WARN_EMPTY_BODY = YES;
				CLANG_WARN_ENUM_CONVERSION = YES;
				CLANG_WARN_INFINITE_RECURSION = YES;
				CLANG_WARN_INT_CONVERSION = YES;
				CLANG_WARN_NON_LITERAL_NULL_CONVERSION = YES;
				CLANG_WARN_OBJC_IMPLICIT_RETAIN_SELF = YES;
				CLANG_WARN_OBJC_LITERAL_CONVERSION = YES;
				CLANG_WARN_OBJC_ROOT_CLASS = YES_ERROR;
				CLANG_WARN_RANGE_LOOP_ANALYSIS = YES;
				CLANG_WARN_STRICT_PROTOTYPES = YES;
				CLANG_WARN_SUSPICIOUS_MOVE = YES;
				CLANG_WARN_UNGUARDED_AVAILABILITY = YES_AGGRESSIVE;
				CLANG_WARN_UNREACHABLE_CODE = YES;
				CLANG_WARN__DUPLICATE_METHOD_MATCH = YES;
				CODE_SIGN_IDENTITY = "iPhone Developer";
				COPY_PHASE_STRIP = NO;
				DEBUG_INFORMATION_FORMAT = dwarf;
				ENABLE_STRICT_OBJC_MSGSEND = YES;
				ENABLE_TESTABILITY = YES;
				GCC_C_LANGUAGE_STANDARD = gnu11;
				GCC_DYNAMIC_NO_PIC = NO;
				GCC_NO_COMMON_BLOCKS = YES;
				GCC_OPTIMIZATION_LEVEL = 0;
				GCC_PREPROCESSOR_DEFINITIONS = (
					"DEBUG=1",
					"$(inherited)",
				);
				GCC_WARN_64_TO_32_BIT_CONVERSION = YES;
				GCC_WARN_ABOUT_RETURN_TYPE = YES_ERROR;
				GCC_WARN_UNDECLARED_SELECTOR = YES;
				GCC_WARN_UNINITIALIZED_AUTOS = YES_AGGRESSIVE;
				GCC_WARN_UNUSED_FUNCTION = YES;
				GCC_WARN_UNUSED_VARIABLE = YES;
				IPHONEOS_DEPLOYMENT_TARGET = 12.2;
				MTL_ENABLE_DEBUG_INFO = INCLUDE_SOURCE;
				MTL_FAST_MATH = YES;
				ONLY_ACTIVE_ARCH = YES;
				SDKROOT = iphoneos;
				SWIFT_ACTIVE_COMPILATION_CONDITIONS = DEBUG;
				SWIFT_OPTIMIZATION_LEVEL = "-Onone";
			};
			name = Debug;
		};
		D52622E422D0A09300550A82 /* Release */ = {
			isa = XCBuildConfiguration;
			buildSettings = {
				ALWAYS_SEARCH_USER_PATHS = NO;
				CLANG_ANALYZER_NONNULL = YES;
				CLANG_ANALYZER_NUMBER_OBJECT_CONVERSION = YES_AGGRESSIVE;
				CLANG_CXX_LANGUAGE_STANDARD = "gnu++14";
				CLANG_CXX_LIBRARY = "libc++";
				CLANG_ENABLE_MODULES = YES;
				CLANG_ENABLE_OBJC_ARC = YES;
				CLANG_ENABLE_OBJC_WEAK = YES;
				CLANG_WARN_BLOCK_CAPTURE_AUTORELEASING = YES;
				CLANG_WARN_BOOL_CONVERSION = YES;
				CLANG_WARN_COMMA = YES;
				CLANG_WARN_CONSTANT_CONVERSION = YES;
				CLANG_WARN_DEPRECATED_OBJC_IMPLEMENTATIONS = YES;
				CLANG_WARN_DIRECT_OBJC_ISA_USAGE = YES_ERROR;
				CLANG_WARN_DOCUMENTATION_COMMENTS = YES;
				CLANG_WARN_EMPTY_BODY = YES;
				CLANG_WARN_ENUM_CONVERSION = YES;
				CLANG_WARN_INFINITE_RECURSION = YES;
				CLANG_WARN_INT_CONVERSION = YES;
				CLANG_WARN_NON_LITERAL_NULL_CONVERSION = YES;
				CLANG_WARN_OBJC_IMPLICIT_RETAIN_SELF = YES;
				CLANG_WARN_OBJC_LITERAL_CONVERSION = YES;
				CLANG_WARN_OBJC_ROOT_CLASS = YES_ERROR;
				CLANG_WARN_RANGE_LOOP_ANALYSIS = YES;
				CLANG_WARN_STRICT_PROTOTYPES = YES;
				CLANG_WARN_SUSPICIOUS_MOVE = YES;
				CLANG_WARN_UNGUARDED_AVAILABILITY = YES_AGGRESSIVE;
				CLANG_WARN_UNREACHABLE_CODE = YES;
				CLANG_WARN__DUPLICATE_METHOD_MATCH = YES;
				CODE_SIGN_IDENTITY = "iPhone Developer";
				COPY_PHASE_STRIP = NO;
				DEBUG_INFORMATION_FORMAT = "dwarf-with-dsym";
				ENABLE_NS_ASSERTIONS = NO;
				ENABLE_STRICT_OBJC_MSGSEND = YES;
				GCC_C_LANGUAGE_STANDARD = gnu11;
				GCC_NO_COMMON_BLOCKS = YES;
				GCC_WARN_64_TO_32_BIT_CONVERSION = YES;
				GCC_WARN_ABOUT_RETURN_TYPE = YES_ERROR;
				GCC_WARN_UNDECLARED_SELECTOR = YES;
				GCC_WARN_UNINITIALIZED_AUTOS = YES_AGGRESSIVE;
				GCC_WARN_UNUSED_FUNCTION = YES;
				GCC_WARN_UNUSED_VARIABLE = YES;
				IPHONEOS_DEPLOYMENT_TARGET = 12.2;
				MTL_ENABLE_DEBUG_INFO = NO;
				MTL_FAST_MATH = YES;
				SDKROOT = iphoneos;
				SWIFT_COMPILATION_MODE = wholemodule;
				SWIFT_OPTIMIZATION_LEVEL = "-O";
				VALIDATE_PRODUCT = YES;
			};
			name = Release;
		};
		D52622E622D0A09300550A82 /* Debug */ = {
			isa = XCBuildConfiguration;
			buildSettings = {
				ASSETCATALOG_COMPILER_APPICON_NAME = AppIcon;
				CODE_SIGN_STYLE = Automatic;
				DEVELOPMENT_TEAM = K75PB9VKYT;
				INFOPLIST_FILE = DrawerMenuPresentationControllerSample/Info.plist;
				LD_RUNPATH_SEARCH_PATHS = (
					"$(inherited)",
					"@executable_path/Frameworks",
				);
				PRODUCT_BUNDLE_IDENTIFIER = jp.classmethod.DrawerMenuPresentationControllerSample;
				PRODUCT_NAME = "$(TARGET_NAME)";
				SWIFT_VERSION = 5.0;
				TARGETED_DEVICE_FAMILY = "1,2";
			};
			name = Debug;
		};
		D52622E722D0A09300550A82 /* Release */ = {
			isa = XCBuildConfiguration;
			buildSettings = {
				ASSETCATALOG_COMPILER_APPICON_NAME = AppIcon;
				CODE_SIGN_STYLE = Automatic;
				DEVELOPMENT_TEAM = K75PB9VKYT;
				INFOPLIST_FILE = DrawerMenuPresentationControllerSample/Info.plist;
				LD_RUNPATH_SEARCH_PATHS = (
					"$(inherited)",
					"@executable_path/Frameworks",
				);
				PRODUCT_BUNDLE_IDENTIFIER = jp.classmethod.DrawerMenuPresentationControllerSample;
				PRODUCT_NAME = "$(TARGET_NAME)";
				SWIFT_VERSION = 5.0;
				TARGETED_DEVICE_FAMILY = "1,2";
			};
			name = Release;
		};
/* End XCBuildConfiguration section */

/* Begin XCConfigurationList section */
		D52622CE22D0A09200550A82 /* Build configuration list for PBXProject "DrawerMenuPresentationControllerSample" */ = {
			isa = XCConfigurationList;
			buildConfigurations = (
				D52622E322D0A09300550A82 /* Debug */,
				D52622E422D0A09300550A82 /* Release */,
			);
			defaultConfigurationIsVisible = 0;
			defaultConfigurationName = Release;
		};
		D52622E522D0A09300550A82 /* Build configuration list for PBXNativeTarget "DrawerMenuPresentationControllerSample" */ = {
			isa = XCConfigurationList;
			buildConfigurations = (
				D52622E622D0A09300550A82 /* Debug */,
				D52622E722D0A09300550A82 /* Release */,
			);
			defaultConfigurationIsVisible = 0;
			defaultConfigurationName = Release;
		};
/* End XCConfigurationList section */
	};
	rootObject = D52622CB22D0A09200550A82 /* Project object */;
}
